// !$*UTF8*$!
{
	archiveVersion = 1;
	classes = {
	};
	objectVersion = 56;
	objects = {

/* Begin PBXBuildFile section */
		8931CD092B154AB8004F3F85 /* SimpleIntervalTimerApp.swift in Sources */ = {isa = PBXBuildFile; fileRef = 8931CD082B154AB8004F3F85 /* SimpleIntervalTimerApp.swift */; };
		8931CD0B2B154AB8004F3F85 /* ContentView.swift in Sources */ = {isa = PBXBuildFile; fileRef = 8931CD0A2B154AB8004F3F85 /* ContentView.swift */; };
		8931CD0D2B154AB9004F3F85 /* Assets.xcassets in Resources */ = {isa = PBXBuildFile; fileRef = 8931CD0C2B154AB9004F3F85 /* Assets.xcassets */; };
		8931CD102B154AB9004F3F85 /* Preview Assets.xcassets in Resources */ = {isa = PBXBuildFile; fileRef = 8931CD0F2B154AB9004F3F85 /* Preview Assets.xcassets */; };
		8931CD1A2B154AB9004F3F85 /* SimpleIntervalTimerTests.swift in Sources */ = {isa = PBXBuildFile; fileRef = 8931CD192B154AB9004F3F85 /* SimpleIntervalTimerTests.swift */; };
		8931CD242B154AB9004F3F85 /* SimpleIntervalTimerUITests.swift in Sources */ = {isa = PBXBuildFile; fileRef = 8931CD232B154AB9004F3F85 /* SimpleIntervalTimerUITests.swift */; };
		8931CD262B154AB9004F3F85 /* SimpleIntervalTimerUITestsLaunchTests.swift in Sources */ = {isa = PBXBuildFile; fileRef = 8931CD252B154AB9004F3F85 /* SimpleIntervalTimerUITestsLaunchTests.swift */; };
/* End PBXBuildFile section */

/* Begin PBXContainerItemProxy section */
		8931CD162B154AB9004F3F85 /* PBXContainerItemProxy */ = {
			isa = PBXContainerItemProxy;
			containerPortal = 8931CCFD2B154AB8004F3F85 /* Project object */;
			proxyType = 1;
			remoteGlobalIDString = 8931CD042B154AB8004F3F85;
			remoteInfo = SimpleIntervalTimer;
		};
		8931CD202B154AB9004F3F85 /* PBXContainerItemProxy */ = {
			isa = PBXContainerItemProxy;
			containerPortal = 8931CCFD2B154AB8004F3F85 /* Project object */;
			proxyType = 1;
			remoteGlobalIDString = 8931CD042B154AB8004F3F85;
			remoteInfo = SimpleIntervalTimer;
		};
/* End PBXContainerItemProxy section */

/* Begin PBXFileReference section */
		8931CD052B154AB8004F3F85 /* SimpleIntervalTimer.app */ = {isa = PBXFileReference; explicitFileType = wrapper.application; includeInIndex = 0; path = SimpleIntervalTimer.app; sourceTree = BUILT_PRODUCTS_DIR; };
		8931CD082B154AB8004F3F85 /* SimpleIntervalTimerApp.swift */ = {isa = PBXFileReference; lastKnownFileType = sourcecode.swift; path = SimpleIntervalTimerApp.swift; sourceTree = "<group>"; };
		8931CD0A2B154AB8004F3F85 /* ContentView.swift */ = {isa = PBXFileReference; lastKnownFileType = sourcecode.swift; path = ContentView.swift; sourceTree = "<group>"; };
		8931CD0C2B154AB9004F3F85 /* Assets.xcassets */ = {isa = PBXFileReference; lastKnownFileType = folder.assetcatalog; path = Assets.xcassets; sourceTree = "<group>"; };
		8931CD0F2B154AB9004F3F85 /* Preview Assets.xcassets */ = {isa = PBXFileReference; lastKnownFileType = folder.assetcatalog; path = "Preview Assets.xcassets"; sourceTree = "<group>"; };
		8931CD152B154AB9004F3F85 /* SimpleIntervalTimerTests.xctest */ = {isa = PBXFileReference; explicitFileType = wrapper.cfbundle; includeInIndex = 0; path = SimpleIntervalTimerTests.xctest; sourceTree = BUILT_PRODUCTS_DIR; };
		8931CD192B154AB9004F3F85 /* SimpleIntervalTimerTests.swift */ = {isa = PBXFileReference; lastKnownFileType = sourcecode.swift; path = SimpleIntervalTimerTests.swift; sourceTree = "<group>"; };
		8931CD1F2B154AB9004F3F85 /* SimpleIntervalTimerUITests.xctest */ = {isa = PBXFileReference; explicitFileType = wrapper.cfbundle; includeInIndex = 0; path = SimpleIntervalTimerUITests.xctest; sourceTree = BUILT_PRODUCTS_DIR; };
		8931CD232B154AB9004F3F85 /* SimpleIntervalTimerUITests.swift */ = {isa = PBXFileReference; lastKnownFileType = sourcecode.swift; path = SimpleIntervalTimerUITests.swift; sourceTree = "<group>"; };
		8931CD252B154AB9004F3F85 /* SimpleIntervalTimerUITestsLaunchTests.swift */ = {isa = PBXFileReference; lastKnownFileType = sourcecode.swift; path = SimpleIntervalTimerUITestsLaunchTests.swift; sourceTree = "<group>"; };
/* End PBXFileReference section */

/* Begin PBXFrameworksBuildPhase section */
		8931CD022B154AB8004F3F85 /* Frameworks */ = {
			isa = PBXFrameworksBuildPhase;
			buildActionMask = 2147483647;
			files = (
			);
			runOnlyForDeploymentPostprocessing = 0;
		};
		8931CD122B154AB9004F3F85 /* Frameworks */ = {
			isa = PBXFrameworksBuildPhase;
			buildActionMask = 2147483647;
			files = (
			);
			runOnlyForDeploymentPostprocessing = 0;
		};
		8931CD1C2B154AB9004F3F85 /* Frameworks */ = {
			isa = PBXFrameworksBuildPhase;
			buildActionMask = 2147483647;
			files = (
			);
			runOnlyForDeploymentPostprocessing = 0;
		};
/* End PBXFrameworksBuildPhase section */

/* Begin PBXGroup section */
		8931CCFC2B154AB8004F3F85 = {
			isa = PBXGroup;
			children = (
				8931CD072B154AB8004F3F85 /* SimpleIntervalTimer */,
				8931CD182B154AB9004F3F85 /* SimpleIntervalTimerTests */,
				8931CD222B154AB9004F3F85 /* SimpleIntervalTimerUITests */,
				8931CD062B154AB8004F3F85 /* Products */,
			);
			sourceTree = "<group>";
		};
		8931CD062B154AB8004F3F85 /* Products */ = {
			isa = PBXGroup;
			children = (
				8931CD052B154AB8004F3F85 /* SimpleIntervalTimer.app */,
				8931CD152B154AB9004F3F85 /* SimpleIntervalTimerTests.xctest */,
				8931CD1F2B154AB9004F3F85 /* SimpleIntervalTimerUITests.xctest */,
			);
			name = Products;
			sourceTree = "<group>";
		};
		8931CD072B154AB8004F3F85 /* SimpleIntervalTimer */ = {
			isa = PBXGroup;
			children = (
				8931CD082B154AB8004F3F85 /* SimpleIntervalTimerApp.swift */,
				8931CD0A2B154AB8004F3F85 /* ContentView.swift */,
				8931CD0C2B154AB9004F3F85 /* Assets.xcassets */,
				8931CD0E2B154AB9004F3F85 /* Preview Content */,
			);
			path = SimpleIntervalTimer;
			sourceTree = "<group>";
		};
		8931CD0E2B154AB9004F3F85 /* Preview Content */ = {
			isa = PBXGroup;
			children = (
				8931CD0F2B154AB9004F3F85 /* Preview Assets.xcassets */,
			);
			path = "Preview Content";
			sourceTree = "<group>";
		};
		8931CD182B154AB9004F3F85 /* SimpleIntervalTimerTests */ = {
			isa = PBXGroup;
			children = (
				8931CD192B154AB9004F3F85 /* SimpleIntervalTimerTests.swift */,
			);
			path = SimpleIntervalTimerTests;
			sourceTree = "<group>";
		};
		8931CD222B154AB9004F3F85 /* SimpleIntervalTimerUITests */ = {
			isa = PBXGroup;
			children = (
				8931CD232B154AB9004F3F85 /* SimpleIntervalTimerUITests.swift */,
				8931CD252B154AB9004F3F85 /* SimpleIntervalTimerUITestsLaunchTests.swift */,
			);
			path = SimpleIntervalTimerUITests;
			sourceTree = "<group>";
		};
/* End PBXGroup section */

/* Begin PBXNativeTarget section */
		8931CD042B154AB8004F3F85 /* SimpleIntervalTimer */ = {
			isa = PBXNativeTarget;
			buildConfigurationList = 8931CD292B154AB9004F3F85 /* Build configuration list for PBXNativeTarget "SimpleIntervalTimer" */;
			buildPhases = (
				8931CD012B154AB8004F3F85 /* Sources */,
				8931CD022B154AB8004F3F85 /* Frameworks */,
				8931CD032B154AB8004F3F85 /* Resources */,
			);
			buildRules = (
			);
			dependencies = (
			);
			name = SimpleIntervalTimer;
			productName = SimpleIntervalTimer;
			productReference = 8931CD052B154AB8004F3F85 /* SimpleIntervalTimer.app */;
			productType = "com.apple.product-type.application";
		};
		8931CD142B154AB9004F3F85 /* SimpleIntervalTimerTests */ = {
			isa = PBXNativeTarget;
			buildConfigurationList = 8931CD2C2B154AB9004F3F85 /* Build configuration list for PBXNativeTarget "SimpleIntervalTimerTests" */;
			buildPhases = (
				8931CD112B154AB9004F3F85 /* Sources */,
				8931CD122B154AB9004F3F85 /* Frameworks */,
				8931CD132B154AB9004F3F85 /* Resources */,
			);
			buildRules = (
			);
			dependencies = (
				8931CD172B154AB9004F3F85 /* PBXTargetDependency */,
			);
			name = SimpleIntervalTimerTests;
			productName = SimpleIntervalTimerTests;
			productReference = 8931CD152B154AB9004F3F85 /* SimpleIntervalTimerTests.xctest */;
			productType = "com.apple.product-type.bundle.unit-test";
		};
		8931CD1E2B154AB9004F3F85 /* SimpleIntervalTimerUITests */ = {
			isa = PBXNativeTarget;
			buildConfigurationList = 8931CD2F2B154AB9004F3F85 /* Build configuration list for PBXNativeTarget "SimpleIntervalTimerUITests" */;
			buildPhases = (
				8931CD1B2B154AB9004F3F85 /* Sources */,
				8931CD1C2B154AB9004F3F85 /* Frameworks */,
				8931CD1D2B154AB9004F3F85 /* Resources */,
			);
			buildRules = (
			);
			dependencies = (
				8931CD212B154AB9004F3F85 /* PBXTargetDependency */,
			);
			name = SimpleIntervalTimerUITests;
			productName = SimpleIntervalTimerUITests;
			productReference = 8931CD1F2B154AB9004F3F85 /* SimpleIntervalTimerUITests.xctest */;
			productType = "com.apple.product-type.bundle.ui-testing";
		};
/* End PBXNativeTarget section */

/* Begin PBXProject section */
		8931CCFD2B154AB8004F3F85 /* Project object */ = {
			isa = PBXProject;
			attributes = {
				BuildIndependentTargetsInParallel = 1;
				LastSwiftUpdateCheck = 1500;
				LastUpgradeCheck = 1500;
				TargetAttributes = {
					8931CD042B154AB8004F3F85 = {
						CreatedOnToolsVersion = 15.0.1;
					};
					8931CD142B154AB9004F3F85 = {
						CreatedOnToolsVersion = 15.0.1;
						TestTargetID = 8931CD042B154AB8004F3F85;
					};
					8931CD1E2B154AB9004F3F85 = {
						CreatedOnToolsVersion = 15.0.1;
						TestTargetID = 8931CD042B154AB8004F3F85;
					};
				};
			};
			buildConfigurationList = 8931CD002B154AB8004F3F85 /* Build configuration list for PBXProject "SimpleIntervalTimer" */;
			compatibilityVersion = "Xcode 14.0";
			developmentRegion = en;
			hasScannedForEncodings = 0;
			knownRegions = (
				en,
				Base,
			);
			mainGroup = 8931CCFC2B154AB8004F3F85;
			productRefGroup = 8931CD062B154AB8004F3F85 /* Products */;
			projectDirPath = "";
			projectRoot = "";
			targets = (
				8931CD042B154AB8004F3F85 /* SimpleIntervalTimer */,
				8931CD142B154AB9004F3F85 /* SimpleIntervalTimerTests */,
				8931CD1E2B154AB9004F3F85 /* SimpleIntervalTimerUITests */,
			);
		};
/* End PBXProject section */

/* Begin PBXResourcesBuildPhase section */
		8931CD032B154AB8004F3F85 /* Resources */ = {
			isa = PBXResourcesBuildPhase;
			buildActionMask = 2147483647;
			files = (
				8931CD102B154AB9004F3F85 /* Preview Assets.xcassets in Resources */,
				8931CD0D2B154AB9004F3F85 /* Assets.xcassets in Resources */,
			);
			runOnlyForDeploymentPostprocessing = 0;
		};
		8931CD132B154AB9004F3F85 /* Resources */ = {
			isa = PBXResourcesBuildPhase;
			buildActionMask = 2147483647;
			files = (
			);
			runOnlyForDeploymentPostprocessing = 0;
		};
		8931CD1D2B154AB9004F3F85 /* Resources */ = {
			isa = PBXResourcesBuildPhase;
			buildActionMask = 2147483647;
			files = (
			);
			runOnlyForDeploymentPostprocessing = 0;
		};
/* End PBXResourcesBuildPhase section */

/* Begin PBXSourcesBuildPhase section */
		8931CD012B154AB8004F3F85 /* Sources */ = {
			isa = PBXSourcesBuildPhase;
			buildActionMask = 2147483647;
			files = (
				8931CD0B2B154AB8004F3F85 /* ContentView.swift in Sources */,
				8931CD092B154AB8004F3F85 /* SimpleIntervalTimerApp.swift in Sources */,
			);
			runOnlyForDeploymentPostprocessing = 0;
		};
		8931CD112B154AB9004F3F85 /* Sources */ = {
			isa = PBXSourcesBuildPhase;
			buildActionMask = 2147483647;
			files = (
				8931CD1A2B154AB9004F3F85 /* SimpleIntervalTimerTests.swift in Sources */,
			);
			runOnlyForDeploymentPostprocessing = 0;
		};
		8931CD1B2B154AB9004F3F85 /* Sources */ = {
			isa = PBXSourcesBuildPhase;
			buildActionMask = 2147483647;
			files = (
				8931CD242B154AB9004F3F85 /* SimpleIntervalTimerUITests.swift in Sources */,
				8931CD262B154AB9004F3F85 /* SimpleIntervalTimerUITestsLaunchTests.swift in Sources */,
			);
			runOnlyForDeploymentPostprocessing = 0;
		};
/* End PBXSourcesBuildPhase section */

/* Begin PBXTargetDependency section */
		8931CD172B154AB9004F3F85 /* PBXTargetDependency */ = {
			isa = PBXTargetDependency;
			target = 8931CD042B154AB8004F3F85 /* SimpleIntervalTimer */;
			targetProxy = 8931CD162B154AB9004F3F85 /* PBXContainerItemProxy */;
		};
		8931CD212B154AB9004F3F85 /* PBXTargetDependency */ = {
			isa = PBXTargetDependency;
			target = 8931CD042B154AB8004F3F85 /* SimpleIntervalTimer */;
			targetProxy = 8931CD202B154AB9004F3F85 /* PBXContainerItemProxy */;
		};
/* End PBXTargetDependency section */

/* Begin XCBuildConfiguration section */
		8931CD272B154AB9004F3F85 /* Debug */ = {
			isa = XCBuildConfiguration;
			buildSettings = {
				ALWAYS_SEARCH_USER_PATHS = NO;
				ASSETCATALOG_COMPILER_GENERATE_SWIFT_ASSET_SYMBOL_EXTENSIONS = YES;
				CLANG_ANALYZER_NONNULL = YES;
				CLANG_ANALYZER_NUMBER_OBJECT_CONVERSION = YES_AGGRESSIVE;
				CLANG_CXX_LANGUAGE_STANDARD = "gnu++20";
				CLANG_ENABLE_MODULES = YES;
				CLANG_ENABLE_OBJC_ARC = YES;
				CLANG_ENABLE_OBJC_WEAK = YES;
				CLANG_WARN_BLOCK_CAPTURE_AUTORELEASING = YES;
				CLANG_WARN_BOOL_CONVERSION = YES;
				CLANG_WARN_COMMA = YES;
				CLANG_WARN_CONSTANT_CONVERSION = YES;
				CLANG_WARN_DEPRECATED_OBJC_IMPLEMENTATIONS = YES;
				CLANG_WARN_DIRECT_OBJC_ISA_USAGE = YES_ERROR;
				CLANG_WARN_DOCUMENTATION_COMMENTS = YES;
				CLANG_WARN_EMPTY_BODY = YES;
				CLANG_WARN_ENUM_CONVERSION = YES;
				CLANG_WARN_INFINITE_RECURSION = YES;
				CLANG_WARN_INT_CONVERSION = YES;
				CLANG_WARN_NON_LITERAL_NULL_CONVERSION = YES;
				CLANG_WARN_OBJC_IMPLICIT_RETAIN_SELF = YES;
				CLANG_WARN_OBJC_LITERAL_CONVERSION = YES;
				CLANG_WARN_OBJC_ROOT_CLASS = YES_ERROR;
				CLANG_WARN_QUOTED_INCLUDE_IN_FRAMEWORK_HEADER = YES;
				CLANG_WARN_RANGE_LOOP_ANALYSIS = YES;
				CLANG_WARN_STRICT_PROTOTYPES = YES;
				CLANG_WARN_SUSPICIOUS_MOVE = YES;
				CLANG_WARN_UNGUARDED_AVAILABILITY = YES_AGGRESSIVE;
				CLANG_WARN_UNREACHABLE_CODE = YES;
				CLANG_WARN__DUPLICATE_METHOD_MATCH = YES;
				COPY_PHASE_STRIP = NO;
				DEBUG_INFORMATION_FORMAT = dwarf;
				ENABLE_STRICT_OBJC_MSGSEND = YES;
				ENABLE_TESTABILITY = YES;
				ENABLE_USER_SCRIPT_SANDBOXING = YES;
				GCC_C_LANGUAGE_STANDARD = gnu17;
				GCC_DYNAMIC_NO_PIC = NO;
				GCC_NO_COMMON_BLOCKS = YES;
				GCC_OPTIMIZATION_LEVEL = 0;
				GCC_PREPROCESSOR_DEFINITIONS = (
					"DEBUG=1",
					"$(inherited)",
				);
				GCC_WARN_64_TO_32_BIT_CONVERSION = YES;
				GCC_WARN_ABOUT_RETURN_TYPE = YES_ERROR;
				GCC_WARN_UNDECLARED_SELECTOR = YES;
				GCC_WARN_UNINITIALIZED_AUTOS = YES_AGGRESSIVE;
				GCC_WARN_UNUSED_FUNCTION = YES;
				GCC_WARN_UNUSED_VARIABLE = YES;
				IPHONEOS_DEPLOYMENT_TARGET = 17.0;
				LOCALIZATION_PREFERS_STRING_CATALOGS = YES;
				MTL_ENABLE_DEBUG_INFO = INCLUDE_SOURCE;
				MTL_FAST_MATH = YES;
				ONLY_ACTIVE_ARCH = YES;
				SDKROOT = iphoneos;
				SWIFT_ACTIVE_COMPILATION_CONDITIONS = "DEBUG $(inherited)";
				SWIFT_OPTIMIZATION_LEVEL = "-Onone";
			};
			name = Debug;
		};
		8931CD282B154AB9004F3F85 /* Release */ = {
			isa = XCBuildConfiguration;
			buildSettings = {
				ALWAYS_SEARCH_USER_PATHS = NO;
				ASSETCATALOG_COMPILER_GENERATE_SWIFT_ASSET_SYMBOL_EXTENSIONS = YES;
				CLANG_ANALYZER_NONNULL = YES;
				CLANG_ANALYZER_NUMBER_OBJECT_CONVERSION = YES_AGGRESSIVE;
				CLANG_CXX_LANGUAGE_STANDARD = "gnu++20";
				CLANG_ENABLE_MODULES = YES;
				CLANG_ENABLE_OBJC_ARC = YES;
				CLANG_ENABLE_OBJC_WEAK = YES;
				CLANG_WARN_BLOCK_CAPTURE_AUTORELEASING = YES;
				CLANG_WARN_BOOL_CONVERSION = YES;
				CLANG_WARN_COMMA = YES;
				CLANG_WARN_CONSTANT_CONVERSION = YES;
				CLANG_WARN_DEPRECATED_OBJC_IMPLEMENTATIONS = YES;
				CLANG_WARN_DIRECT_OBJC_ISA_USAGE = YES_ERROR;
				CLANG_WARN_DOCUMENTATION_COMMENTS = YES;
				CLANG_WARN_EMPTY_BODY = YES;
				CLANG_WARN_ENUM_CONVERSION = YES;
				CLANG_WARN_INFINITE_RECURSION = YES;
				CLANG_WARN_INT_CONVERSION = YES;
				CLANG_WARN_NON_LITERAL_NULL_CONVERSION = YES;
				CLANG_WARN_OBJC_IMPLICIT_RETAIN_SELF = YES;
				CLANG_WARN_OBJC_LITERAL_CONVERSION = YES;
				CLANG_WARN_OBJC_ROOT_CLASS = YES_ERROR;
				CLANG_WARN_QUOTED_INCLUDE_IN_FRAMEWORK_HEADER = YES;
				CLANG_WARN_RANGE_LOOP_ANALYSIS = YES;
				CLANG_WARN_STRICT_PROTOTYPES = YES;
				CLANG_WARN_SUSPICIOUS_MOVE = YES;
				CLANG_WARN_UNGUARDED_AVAILABILITY = YES_AGGRESSIVE;
				CLANG_WARN_UNREACHABLE_CODE = YES;
				CLANG_WARN__DUPLICATE_METHOD_MATCH = YES;
				COPY_PHASE_STRIP = NO;
				DEBUG_INFORMATION_FORMAT = "dwarf-with-dsym";
				ENABLE_NS_ASSERTIONS = NO;
				ENABLE_STRICT_OBJC_MSGSEND = YES;
				ENABLE_USER_SCRIPT_SANDBOXING = YES;
				GCC_C_LANGUAGE_STANDARD = gnu17;
				GCC_NO_COMMON_BLOCKS = YES;
				GCC_WARN_64_TO_32_BIT_CONVERSION = YES;
				GCC_WARN_ABOUT_RETURN_TYPE = YES_ERROR;
				GCC_WARN_UNDECLARED_SELECTOR = YES;
				GCC_WARN_UNINITIALIZED_AUTOS = YES_AGGRESSIVE;
				GCC_WARN_UNUSED_FUNCTION = YES;
				GCC_WARN_UNUSED_VARIABLE = YES;
				IPHONEOS_DEPLOYMENT_TARGET = 17.0;
				LOCALIZATION_PREFERS_STRING_CATALOGS = YES;
				MTL_ENABLE_DEBUG_INFO = NO;
				MTL_FAST_MATH = YES;
				SDKROOT = iphoneos;
				SWIFT_COMPILATION_MODE = wholemodule;
				VALIDATE_PRODUCT = YES;
			};
			name = Release;
		};
		8931CD2A2B154AB9004F3F85 /* Debug */ = {
			isa = XCBuildConfiguration;
			buildSettings = {
				ASSETCATALOG_COMPILER_APPICON_NAME = AppIcon;
				ASSETCATALOG_COMPILER_GLOBAL_ACCENT_COLOR_NAME = AccentColor;
				CODE_SIGN_STYLE = Automatic;
				CURRENT_PROJECT_VERSION = 1;
				DEVELOPMENT_ASSET_PATHS = "\"SimpleIntervalTimer/Preview Content\"";
				DEVELOPMENT_TEAM = 9J9T6457HV;
				ENABLE_PREVIEWS = YES;
				GENERATE_INFOPLIST_FILE = YES;
				INFOPLIST_KEY_UIApplicationSceneManifest_Generation = YES;
				INFOPLIST_KEY_UIApplicationSupportsIndirectInputEvents = YES;
				INFOPLIST_KEY_UILaunchScreen_Generation = YES;
				INFOPLIST_KEY_UISupportedInterfaceOrientations_iPad = "UIInterfaceOrientationPortrait UIInterfaceOrientationPortraitUpsideDown UIInterfaceOrientationLandscapeLeft UIInterfaceOrientationLandscapeRight";
				INFOPLIST_KEY_UISupportedInterfaceOrientations_iPhone = "UIInterfaceOrientationPortrait UIInterfaceOrientationLandscapeLeft UIInterfaceOrientationLandscapeRight";
				LD_RUNPATH_SEARCH_PATHS = (
					"$(inherited)",
					"@executable_path/Frameworks",
				);
				MARKETING_VERSION = 1.0;
				PRODUCT_BUNDLE_IDENTIFIER = org.sepoysoftware.SimpleIntervalTimer;
				PRODUCT_NAME = "$(TARGET_NAME)";
				SWIFT_EMIT_LOC_STRINGS = YES;
				SWIFT_VERSION = 5.0;
				TARGETED_DEVICE_FAMILY = "1,2";
			};
			name = Debug;
		};
		8931CD2B2B154AB9004F3F85 /* Release */ = {
			isa = XCBuildConfiguration;
			buildSettings = {
				ASSETCATALOG_COMPILER_APPICON_NAME = AppIcon;
				ASSETCATALOG_COMPILER_GLOBAL_ACCENT_COLOR_NAME = AccentColor;
				CODE_SIGN_STYLE = Automatic;
				CURRENT_PROJECT_VERSION = 1;
				DEVELOPMENT_ASSET_PATHS = "\"SimpleIntervalTimer/Preview Content\"";
				DEVELOPMENT_TEAM = 9J9T6457HV;
				ENABLE_PREVIEWS = YES;
				GENERATE_INFOPLIST_FILE = YES;
				INFOPLIST_KEY_UIApplicationSceneManifest_Generation = YES;
				INFOPLIST_KEY_UIApplicationSupportsIndirectInputEvents = YES;
				INFOPLIST_KEY_UILaunchScreen_Generation = YES;
				INFOPLIST_KEY_UISupportedInterfaceOrientations_iPad = "UIInterfaceOrientationPortrait UIInterfaceOrientationPortraitUpsideDown UIInterfaceOrientationLandscapeLeft UIInterfaceOrientationLandscapeRight";
				INFOPLIST_KEY_UISupportedInterfaceOrientations_iPhone = "UIInterfaceOrientationPortrait UIInterfaceOrientationLandscapeLeft UIInterfaceOrientationLandscapeRight";
				LD_RUNPATH_SEARCH_PATHS = (
					"$(inherited)",
					"@executable_path/Frameworks",
				);
				MARKETING_VERSION = 1.0;
				PRODUCT_BUNDLE_IDENTIFIER = org.sepoysoftware.SimpleIntervalTimer;
				PRODUCT_NAME = "$(TARGET_NAME)";
				SWIFT_EMIT_LOC_STRINGS = YES;
				SWIFT_VERSION = 5.0;
				TARGETED_DEVICE_FAMILY = "1,2";
			};
			name = Release;
		};
		8931CD2D2B154AB9004F3F85 /* Debug */ = {
			isa = XCBuildConfiguration;
			buildSettings = {
				ALWAYS_EMBED_SWIFT_STANDARD_LIBRARIES = YES;
				BUNDLE_LOADER = "$(TEST_HOST)";
				CODE_SIGN_STYLE = Automatic;
				CURRENT_PROJECT_VERSION = 1;
				DEVELOPMENT_TEAM = 9J9T6457HV;
				GENERATE_INFOPLIST_FILE = YES;
				IPHONEOS_DEPLOYMENT_TARGET = 17.0;
				MARKETING_VERSION = 1.0;
				PRODUCT_BUNDLE_IDENTIFIER = org.sepoysoftware.SimpleIntervalTimerTests;
				PRODUCT_NAME = "$(TARGET_NAME)";
				SWIFT_EMIT_LOC_STRINGS = NO;
				SWIFT_VERSION = 5.0;
				TARGETED_DEVICE_FAMILY = "1,2";
				TEST_HOST = "$(BUILT_PRODUCTS_DIR)/SimpleIntervalTimer.app/$(BUNDLE_EXECUTABLE_FOLDER_PATH)/SimpleIntervalTimer";
			};
			name = Debug;
		};
		8931CD2E2B154AB9004F3F85 /* Release */ = {
			isa = XCBuildConfiguration;
			buildSettings = {
				ALWAYS_EMBED_SWIFT_STANDARD_LIBRARIES = YES;
				BUNDLE_LOADER = "$(TEST_HOST)";
				CODE_SIGN_STYLE = Automatic;
				CURRENT_PROJECT_VERSION = 1;
				DEVELOPMENT_TEAM = 9J9T6457HV;
				GENERATE_INFOPLIST_FILE = YES;
				IPHONEOS_DEPLOYMENT_TARGET = 17.0;
				MARKETING_VERSION = 1.0;
				PRODUCT_BUNDLE_IDENTIFIER = org.sepoysoftware.SimpleIntervalTimerTests;
				PRODUCT_NAME = "$(TARGET_NAME)";
				SWIFT_EMIT_LOC_STRINGS = NO;
				SWIFT_VERSION = 5.0;
				TARGETED_DEVICE_FAMILY = "1,2";
				TEST_HOST = "$(BUILT_PRODUCTS_DIR)/SimpleIntervalTimer.app/$(BUNDLE_EXECUTABLE_FOLDER_PATH)/SimpleIntervalTimer";
			};
			name = Release;
		};
		8931CD302B154AB9004F3F85 /* Debug */ = {
			isa = XCBuildConfiguration;
			buildSettings = {
				ALWAYS_EMBED_SWIFT_STANDARD_LIBRARIES = YES;
				CODE_SIGN_STYLE = Automatic;
				CURRENT_PROJECT_VERSION = 1;
				DEVELOPMENT_TEAM = 9J9T6457HV;
				GENERATE_INFOPLIST_FILE = YES;
				MARKETING_VERSION = 1.0;
				PRODUCT_BUNDLE_IDENTIFIER = org.sepoysoftware.SimpleIntervalTimerUITests;
				PRODUCT_NAME = "$(TARGET_NAME)";
				SWIFT_EMIT_LOC_STRINGS = NO;
				SWIFT_VERSION = 5.0;
				TARGETED_DEVICE_FAMILY = "1,2";
				TEST_TARGET_NAME = SimpleIntervalTimer;
			};
			name = Debug;
		};
		8931CD312B154AB9004F3F85 /* Release */ = {
			isa = XCBuildConfiguration;
			buildSettings = {
				ALWAYS_EMBED_SWIFT_STANDARD_LIBRARIES = YES;
				CODE_SIGN_STYLE = Automatic;
				CURRENT_PROJECT_VERSION = 1;
				DEVELOPMENT_TEAM = 9J9T6457HV;
				GENERATE_INFOPLIST_FILE = YES;
				MARKETING_VERSION = 1.0;
				PRODUCT_BUNDLE_IDENTIFIER = org.sepoysoftware.SimpleIntervalTimerUITests;
				PRODUCT_NAME = "$(TARGET_NAME)";
				SWIFT_EMIT_LOC_STRINGS = NO;
				SWIFT_VERSION = 5.0;
				TARGETED_DEVICE_FAMILY = "1,2";
				TEST_TARGET_NAME = SimpleIntervalTimer;
			};
			name = Release;
		};
/* End XCBuildConfiguration section */

/* Begin XCConfigurationList section */
		8931CD002B154AB8004F3F85 /* Build configuration list for PBXProject "SimpleIntervalTimer" */ = {
			isa = XCConfigurationList;
			buildConfigurations = (
				8931CD272B154AB9004F3F85 /* Debug */,
				8931CD282B154AB9004F3F85 /* Release */,
			);
			defaultConfigurationIsVisible = 0;
			defaultConfigurationName = Release;
		};
		8931CD292B154AB9004F3F85 /* Build configuration list for PBXNativeTarget "SimpleIntervalTimer" */ = {
			isa = XCConfigurationList;
			buildConfigurations = (
				8931CD2A2B154AB9004F3F85 /* Debug */,
				8931CD2B2B154AB9004F3F85 /* Release */,
			);
			defaultConfigurationIsVisible = 0;
			defaultConfigurationName = Release;
		};
		8931CD2C2B154AB9004F3F85 /* Build configuration list for PBXNativeTarget "SimpleIntervalTimerTests" */ = {
			isa = XCConfigurationList;
			buildConfigurations = (
				8931CD2D2B154AB9004F3F85 /* Debug */,
				8931CD2E2B154AB9004F3F85 /* Release */,
			);
			defaultConfigurationIsVisible = 0;
			defaultConfigurationName = Release;
		};
		8931CD2F2B154AB9004F3F85 /* Build configuration list for PBXNativeTarget "SimpleIntervalTimerUITests" */ = {
			isa = XCConfigurationList;
			buildConfigurations = (
				8931CD302B154AB9004F3F85 /* Debug */,
				8931CD312B154AB9004F3F85 /* Release */,
			);
			defaultConfigurationIsVisible = 0;
			defaultConfigurationName = Release;
		};
/* End XCConfigurationList section */
	};
	rootObject = 8931CCFD2B154AB8004F3F85 /* Project object */;
}
